
Microsoft Visual Studio Solution File, Format Version 12.00
# Visual Studio Version 16
VisualStudioVersion = 16.0.32630.194
MinimumVisualStudioVersion = 10.0.40219.1
Project("{FAE04EC0-301F-11D3-BF4B-00C04F79EFBC}") = "Console1", "Console1\Console1.csproj", "{9E529B1B-D35E-4BF7-899E-85CBD824AC6E}"
EndProject
Global
	GlobalSection(SolutionConfigurationPlatforms) = preSolution
		Debug|Any CPU = Debug|Any CPU
		Release|Any CPU = Release|Any CPU
	EndGlobalSection
	GlobalSection(ProjectConfigurationPlatforms) = postSolution
		{9E529B1B-D35E-4BF7-899E-85CBD824AC6E}.Debug|Any CPU.ActiveCfg = Debug|Any CPU
		{9E529B1B-D35E-4BF7-899E-85CBD824AC6E}.Debug|Any CPU.Build.0 = Debug|Any CPU
		{9E529B1B-D35E-4BF7-899E-85CBD824AC6E}.Release|Any CPU.ActiveCfg = Release|Any CPU
		{9E529B1B-D35E-4BF7-899E-85CBD824AC6E}.Release|Any CPU.Build.0 = Release|Any CPU
	EndGlobalSection
	GlobalSection(SolutionProperties) = preSolution
		HideSolutionNode = FALSE
	EndGlobalSection
	GlobalSection(ExtensibilityGlobals) = postSolution
		SolutionGuid = {7B2E3C56-273C-4B91-8C03-3F58ADA9C562}
	EndGlobalSection
EndGlobal
